// !$*UTF8*$!
{
	archiveVersion = 1;
	classes = {
	};
	objectVersion = 48;
	objects = {

/* Begin PBXBuildFile section */
		ACADB4D41FD287570092E7DD /* AppDelegate.swift in Sources */ = {isa = PBXBuildFile; fileRef = ACADB4D31FD287570092E7DD /* AppDelegate.swift */; };
		ACADB4D61FD287570092E7DD /* ViewController.swift in Sources */ = {isa = PBXBuildFile; fileRef = ACADB4D51FD287570092E7DD /* ViewController.swift */; };
		ACADB4D91FD287570092E7DD /* Main.storyboard in Resources */ = {isa = PBXBuildFile; fileRef = ACADB4D71FD287570092E7DD /* Main.storyboard */; };
		ACADB4DB1FD287570092E7DD /* Assets.xcassets in Resources */ = {isa = PBXBuildFile; fileRef = ACADB4DA1FD287570092E7DD /* Assets.xcassets */; };
		ACADB4DE1FD287570092E7DD /* LaunchScreen.storyboard in Resources */ = {isa = PBXBuildFile; fileRef = ACADB4DC1FD287570092E7DD /* LaunchScreen.storyboard */; };
		ACADB4E91FD287570092E7DD /* Rumaysho_AppTests.swift in Sources */ = {isa = PBXBuildFile; fileRef = ACADB4E81FD287570092E7DD /* Rumaysho_AppTests.swift */; };
		ACADB4F41FD287570092E7DD /* Rumaysho_AppUITests.swift in Sources */ = {isa = PBXBuildFile; fileRef = ACADB4F31FD287570092E7DD /* Rumaysho_AppUITests.swift */; };
/* End PBXBuildFile section */

/* Begin PBXContainerItemProxy section */
		ACADB4E51FD287570092E7DD /* PBXContainerItemProxy */ = {
			isa = PBXContainerItemProxy;
			containerPortal = ACADB4C81FD287570092E7DD /* Project object */;
			proxyType = 1;
			remoteGlobalIDString = ACADB4CF1FD287570092E7DD;
			remoteInfo = "Rumaysho App";
		};
		ACADB4F01FD287570092E7DD /* PBXContainerItemProxy */ = {
			isa = PBXContainerItemProxy;
			containerPortal = ACADB4C81FD287570092E7DD /* Project object */;
			proxyType = 1;
			remoteGlobalIDString = ACADB4CF1FD287570092E7DD;
			remoteInfo = "Rumaysho App";
		};
/* End PBXContainerItemProxy section */

/* Begin PBXFileReference section */
		ACADB4D01FD287570092E7DD /* Rumaysho App.app */ = {isa = PBXFileReference; explicitFileType = wrapper.application; includeInIndex = 0; path = "Rumaysho App.app"; sourceTree = BUILT_PRODUCTS_DIR; };
		ACADB4D31FD287570092E7DD /* AppDelegate.swift */ = {isa = PBXFileReference; lastKnownFileType = sourcecode.swift; path = AppDelegate.swift; sourceTree = "<group>"; };
		ACADB4D51FD287570092E7DD /* ViewController.swift */ = {isa = PBXFileReference; lastKnownFileType = sourcecode.swift; path = ViewController.swift; sourceTree = "<group>"; };
		ACADB4D81FD287570092E7DD /* Base */ = {isa = PBXFileReference; lastKnownFileType = file.storyboard; name = Base; path = Base.lproj/Main.storyboard; sourceTree = "<group>"; };
		ACADB4DA1FD287570092E7DD /* Assets.xcassets */ = {isa = PBXFileReference; lastKnownFileType = folder.assetcatalog; path = Assets.xcassets; sourceTree = "<group>"; };
		ACADB4DD1FD287570092E7DD /* Base */ = {isa = PBXFileReference; lastKnownFileType = file.storyboard; name = Base; path = Base.lproj/LaunchScreen.storyboard; sourceTree = "<group>"; };
		ACADB4DF1FD287570092E7DD /* Info.plist */ = {isa = PBXFileReference; lastKnownFileType = text.plist.xml; path = Info.plist; sourceTree = "<group>"; };
		ACADB4E41FD287570092E7DD /* Rumaysho AppTests.xctest */ = {isa = PBXFileReference; explicitFileType = wrapper.cfbundle; includeInIndex = 0; path = "Rumaysho AppTests.xctest"; sourceTree = BUILT_PRODUCTS_DIR; };
		ACADB4E81FD287570092E7DD /* Rumaysho_AppTests.swift */ = {isa = PBXFileReference; lastKnownFileType = sourcecode.swift; path = Rumaysho_AppTests.swift; sourceTree = "<group>"; };
		ACADB4EA1FD287570092E7DD /* Info.plist */ = {isa = PBXFileReference; lastKnownFileType = text.plist.xml; path = Info.plist; sourceTree = "<group>"; };
		ACADB4EF1FD287570092E7DD /* Rumaysho AppUITests.xctest */ = {isa = PBXFileReference; explicitFileType = wrapper.cfbundle; includeInIndex = 0; path = "Rumaysho AppUITests.xctest"; sourceTree = BUILT_PRODUCTS_DIR; };
		ACADB4F31FD287570092E7DD /* Rumaysho_AppUITests.swift */ = {isa = PBXFileReference; lastKnownFileType = sourcecode.swift; path = Rumaysho_AppUITests.swift; sourceTree = "<group>"; };
		ACADB4F51FD287570092E7DD /* Info.plist */ = {isa = PBXFileReference; lastKnownFileType = text.plist.xml; path = Info.plist; sourceTree = "<group>"; };
/* End PBXFileReference section */

/* Begin PBXFrameworksBuildPhase section */
		ACADB4CD1FD287570092E7DD /* Frameworks */ = {
			isa = PBXFrameworksBuildPhase;
			buildActionMask = 2147483647;
			files = (
			);
			runOnlyForDeploymentPostprocessing = 0;
		};
		ACADB4E11FD287570092E7DD /* Frameworks */ = {
			isa = PBXFrameworksBuildPhase;
			buildActionMask = 2147483647;
			files = (
			);
			runOnlyForDeploymentPostprocessing = 0;
		};
		ACADB4EC1FD287570092E7DD /* Frameworks */ = {
			isa = PBXFrameworksBuildPhase;
			buildActionMask = 2147483647;
			files = (
			);
			runOnlyForDeploymentPostprocessing = 0;
		};
/* End PBXFrameworksBuildPhase section */

/* Begin PBXGroup section */
		ACADB4C71FD287570092E7DD = {
			isa = PBXGroup;
			children = (
				ACADB4D21FD287570092E7DD /* Rumaysho App */,
				ACADB4E71FD287570092E7DD /* Rumaysho AppTests */,
				ACADB4F21FD287570092E7DD /* Rumaysho AppUITests */,
				ACADB4D11FD287570092E7DD /* Products */,
			);
			sourceTree = "<group>";
		};
		ACADB4D11FD287570092E7DD /* Products */ = {
			isa = PBXGroup;
			children = (
				ACADB4D01FD287570092E7DD /* Rumaysho App.app */,
				ACADB4E41FD287570092E7DD /* Rumaysho AppTests.xctest */,
				ACADB4EF1FD287570092E7DD /* Rumaysho AppUITests.xctest */,
			);
			name = Products;
			sourceTree = "<group>";
		};
		ACADB4D21FD287570092E7DD /* Rumaysho App */ = {
			isa = PBXGroup;
			children = (
				ACADB4D31FD287570092E7DD /* AppDelegate.swift */,
				ACADB4D51FD287570092E7DD /* ViewController.swift */,
				ACADB4D71FD287570092E7DD /* Main.storyboard */,
				ACADB4DA1FD287570092E7DD /* Assets.xcassets */,
				ACADB4DC1FD287570092E7DD /* LaunchScreen.storyboard */,
				ACADB4DF1FD287570092E7DD /* Info.plist */,
			);
			path = "Rumaysho App";
			sourceTree = "<group>";
		};
		ACADB4E71FD287570092E7DD /* Rumaysho AppTests */ = {
			isa = PBXGroup;
			children = (
				ACADB4E81FD287570092E7DD /* Rumaysho_AppTests.swift */,
				ACADB4EA1FD287570092E7DD /* Info.plist */,
			);
			path = "Rumaysho AppTests";
			sourceTree = "<group>";
		};
		ACADB4F21FD287570092E7DD /* Rumaysho AppUITests */ = {
			isa = PBXGroup;
			children = (
				ACADB4F31FD287570092E7DD /* Rumaysho_AppUITests.swift */,
				ACADB4F51FD287570092E7DD /* Info.plist */,
			);
			path = "Rumaysho AppUITests";
			sourceTree = "<group>";
		};
/* End PBXGroup section */

/* Begin PBXNativeTarget section */
		ACADB4CF1FD287570092E7DD /* Rumaysho App */ = {
			isa = PBXNativeTarget;
			buildConfigurationList = ACADB4F81FD287570092E7DD /* Build configuration list for PBXNativeTarget "Rumaysho App" */;
			buildPhases = (
				ACADB4CC1FD287570092E7DD /* Sources */,
				ACADB4CD1FD287570092E7DD /* Frameworks */,
				ACADB4CE1FD287570092E7DD /* Resources */,
			);
			buildRules = (
			);
			dependencies = (
			);
			name = "Rumaysho App";
			productName = "Rumaysho App";
			productReference = ACADB4D01FD287570092E7DD /* Rumaysho App.app */;
			productType = "com.apple.product-type.application";
		};
		ACADB4E31FD287570092E7DD /* Rumaysho AppTests */ = {
			isa = PBXNativeTarget;
			buildConfigurationList = ACADB4FB1FD287570092E7DD /* Build configuration list for PBXNativeTarget "Rumaysho AppTests" */;
			buildPhases = (
				ACADB4E01FD287570092E7DD /* Sources */,
				ACADB4E11FD287570092E7DD /* Frameworks */,
				ACADB4E21FD287570092E7DD /* Resources */,
			);
			buildRules = (
			);
			dependencies = (
				ACADB4E61FD287570092E7DD /* PBXTargetDependency */,
			);
			name = "Rumaysho AppTests";
			productName = "Rumaysho AppTests";
			productReference = ACADB4E41FD287570092E7DD /* Rumaysho AppTests.xctest */;
			productType = "com.apple.product-type.bundle.unit-test";
		};
		ACADB4EE1FD287570092E7DD /* Rumaysho AppUITests */ = {
			isa = PBXNativeTarget;
			buildConfigurationList = ACADB4FE1FD287570092E7DD /* Build configuration list for PBXNativeTarget "Rumaysho AppUITests" */;
			buildPhases = (
				ACADB4EB1FD287570092E7DD /* Sources */,
				ACADB4EC1FD287570092E7DD /* Frameworks */,
				ACADB4ED1FD287570092E7DD /* Resources */,
			);
			buildRules = (
			);
			dependencies = (
				ACADB4F11FD287570092E7DD /* PBXTargetDependency */,
			);
			name = "Rumaysho AppUITests";
			productName = "Rumaysho AppUITests";
			productReference = ACADB4EF1FD287570092E7DD /* Rumaysho AppUITests.xctest */;
			productType = "com.apple.product-type.bundle.ui-testing";
		};
/* End PBXNativeTarget section */

/* Begin PBXProject section */
		ACADB4C81FD287570092E7DD /* Project object */ = {
			isa = PBXProject;
			attributes = {
				LastSwiftUpdateCheck = 0910;
				LastUpgradeCheck = 0910;
				ORGANIZATIONNAME = "Abi Sayuti";
				TargetAttributes = {
					ACADB4CF1FD287570092E7DD = {
						CreatedOnToolsVersion = 9.1;
						ProvisioningStyle = Automatic;
					};
					ACADB4E31FD287570092E7DD = {
						CreatedOnToolsVersion = 9.1;
						ProvisioningStyle = Automatic;
						TestTargetID = ACADB4CF1FD287570092E7DD;
					};
					ACADB4EE1FD287570092E7DD = {
						CreatedOnToolsVersion = 9.1;
						ProvisioningStyle = Automatic;
						TestTargetID = ACADB4CF1FD287570092E7DD;
					};
				};
			};
			buildConfigurationList = ACADB4CB1FD287570092E7DD /* Build configuration list for PBXProject "Rumaysho App" */;
			compatibilityVersion = "Xcode 8.0";
			developmentRegion = en;
			hasScannedForEncodings = 0;
			knownRegions = (
				en,
				Base,
			);
			mainGroup = ACADB4C71FD287570092E7DD;
			productRefGroup = ACADB4D11FD287570092E7DD /* Products */;
			projectDirPath = "";
			projectRoot = "";
			targets = (
				ACADB4CF1FD287570092E7DD /* Rumaysho App */,
				ACADB4E31FD287570092E7DD /* Rumaysho AppTests */,
				ACADB4EE1FD287570092E7DD /* Rumaysho AppUITests */,
			);
		};
/* End PBXProject section */

/* Begin PBXResourcesBuildPhase section */
		ACADB4CE1FD287570092E7DD /* Resources */ = {
			isa = PBXResourcesBuildPhase;
			buildActionMask = 2147483647;
			files = (
				ACADB4DE1FD287570092E7DD /* LaunchScreen.storyboard in Resources */,
				ACADB4DB1FD287570092E7DD /* Assets.xcassets in Resources */,
				ACADB4D91FD287570092E7DD /* Main.storyboard in Resources */,
			);
			runOnlyForDeploymentPostprocessing = 0;
		};
		ACADB4E21FD287570092E7DD /* Resources */ = {
			isa = PBXResourcesBuildPhase;
			buildActionMask = 2147483647;
			files = (
			);
			runOnlyForDeploymentPostprocessing = 0;
		};
		ACADB4ED1FD287570092E7DD /* Resources */ = {
			isa = PBXResourcesBuildPhase;
			buildActionMask = 2147483647;
			files = (
			);
			runOnlyForDeploymentPostprocessing = 0;
		};
/* End PBXResourcesBuildPhase section */

/* Begin PBXSourcesBuildPhase section */
		ACADB4CC1FD287570092E7DD /* Sources */ = {
			isa = PBXSourcesBuildPhase;
			buildActionMask = 2147483647;
			files = (
				ACADB4D61FD287570092E7DD /* ViewController.swift in Sources */,
				ACADB4D41FD287570092E7DD /* AppDelegate.swift in Sources */,
			);
			runOnlyForDeploymentPostprocessing = 0;
		};
		ACADB4E01FD287570092E7DD /* Sources */ = {
			isa = PBXSourcesBuildPhase;
			buildActionMask = 2147483647;
			files = (
				ACADB4E91FD287570092E7DD /* Rumaysho_AppTests.swift in Sources */,
			);
			runOnlyForDeploymentPostprocessing = 0;
		};
		ACADB4EB1FD287570092E7DD /* Sources */ = {
			isa = PBXSourcesBuildPhase;
			buildActionMask = 2147483647;
			files = (
				ACADB4F41FD287570092E7DD /* Rumaysho_AppUITests.swift in Sources */,
			);
			runOnlyForDeploymentPostprocessing = 0;
		};
/* End PBXSourcesBuildPhase section */

/* Begin PBXTargetDependency section */
		ACADB4E61FD287570092E7DD /* PBXTargetDependency */ = {
			isa = PBXTargetDependency;
			target = ACADB4CF1FD287570092E7DD /* Rumaysho App */;
			targetProxy = ACADB4E51FD287570092E7DD /* PBXContainerItemProxy */;
		};
		ACADB4F11FD287570092E7DD /* PBXTargetDependency */ = {
			isa = PBXTargetDependency;
			target = ACADB4CF1FD287570092E7DD /* Rumaysho App */;
			targetProxy = ACADB4F01FD287570092E7DD /* PBXContainerItemProxy */;
		};
/* End PBXTargetDependency section */

/* Begin PBXVariantGroup section */
		ACADB4D71FD287570092E7DD /* Main.storyboard */ = {
			isa = PBXVariantGroup;
			children = (
				ACADB4D81FD287570092E7DD /* Base */,
			);
			name = Main.storyboard;
			sourceTree = "<group>";
		};
		ACADB4DC1FD287570092E7DD /* LaunchScreen.storyboard */ = {
			isa = PBXVariantGroup;
			children = (
				ACADB4DD1FD287570092E7DD /* Base */,
			);
			name = LaunchScreen.storyboard;
			sourceTree = "<group>";
		};
/* End PBXVariantGroup section */

/* Begin XCBuildConfiguration section */
		ACADB4F61FD287570092E7DD /* Debug */ = {
			isa = XCBuildConfiguration;
			buildSettings = {
				ALWAYS_SEARCH_USER_PATHS = NO;
				CLANG_ANALYZER_NONNULL = YES;
				CLANG_ANALYZER_NUMBER_OBJECT_CONVERSION = YES_AGGRESSIVE;
				CLANG_CXX_LANGUAGE_STANDARD = "gnu++14";
				CLANG_CXX_LIBRARY = "libc++";
				CLANG_ENABLE_MODULES = YES;
				CLANG_ENABLE_OBJC_ARC = YES;
				CLANG_WARN_BLOCK_CAPTURE_AUTORELEASING = YES;
				CLANG_WARN_BOOL_CONVERSION = YES;
				CLANG_WARN_COMMA = YES;
				CLANG_WARN_CONSTANT_CONVERSION = YES;
				CLANG_WARN_DIRECT_OBJC_ISA_USAGE = YES_ERROR;
				CLANG_WARN_DOCUMENTATION_COMMENTS = YES;
				CLANG_WARN_EMPTY_BODY = YES;
				CLANG_WARN_ENUM_CONVERSION = YES;
				CLANG_WARN_INFINITE_RECURSION = YES;
				CLANG_WARN_INT_CONVERSION = YES;
				CLANG_WARN_NON_LITERAL_NULL_CONVERSION = YES;
				CLANG_WARN_OBJC_LITERAL_CONVERSION = YES;
				CLANG_WARN_OBJC_ROOT_CLASS = YES_ERROR;
				CLANG_WARN_RANGE_LOOP_ANALYSIS = YES;
				CLANG_WARN_STRICT_PROTOTYPES = YES;
				CLANG_WARN_SUSPICIOUS_MOVE = YES;
				CLANG_WARN_UNGUARDED_AVAILABILITY = YES_AGGRESSIVE;
				CLANG_WARN_UNREACHABLE_CODE = YES;
				CLANG_WARN__DUPLICATE_METHOD_MATCH = YES;
				CODE_SIGN_IDENTITY = "iPhone Developer";
				COPY_PHASE_STRIP = NO;
				DEBUG_INFORMATION_FORMAT = dwarf;
				ENABLE_STRICT_OBJC_MSGSEND = YES;
				ENABLE_TESTABILITY = YES;
				GCC_C_LANGUAGE_STANDARD = gnu11;
				GCC_DYNAMIC_NO_PIC = NO;
				GCC_NO_COMMON_BLOCKS = YES;
				GCC_OPTIMIZATION_LEVEL = 0;
				GCC_PREPROCESSOR_DEFINITIONS = (
					"DEBUG=1",
					"$(inherited)",
				);
				GCC_WARN_64_TO_32_BIT_CONVERSION = YES;
				GCC_WARN_ABOUT_RETURN_TYPE = YES_ERROR;
				GCC_WARN_UNDECLARED_SELECTOR = YES;
				GCC_WARN_UNINITIALIZED_AUTOS = YES_AGGRESSIVE;
				GCC_WARN_UNUSED_FUNCTION = YES;
				GCC_WARN_UNUSED_VARIABLE = YES;
				IPHONEOS_DEPLOYMENT_TARGET = 11.1;
				MTL_ENABLE_DEBUG_INFO = YES;
				ONLY_ACTIVE_ARCH = YES;
				SDKROOT = iphoneos;
				SWIFT_ACTIVE_COMPILATION_CONDITIONS = DEBUG;
				SWIFT_OPTIMIZATION_LEVEL = "-Onone";
			};
			name = Debug;
		};
		ACADB4F71FD287570092E7DD /* Release */ = {
			isa = XCBuildConfiguration;
			buildSettings = {
				ALWAYS_SEARCH_USER_PATHS = NO;
				CLANG_ANALYZER_NONNULL = YES;
				CLANG_ANALYZER_NUMBER_OBJECT_CONVERSION = YES_AGGRESSIVE;
				CLANG_CXX_LANGUAGE_STANDARD = "gnu++14";
				CLANG_CXX_LIBRARY = "libc++";
				CLANG_ENABLE_MODULES = YES;
				CLANG_ENABLE_OBJC_ARC = YES;
				CLANG_WARN_BLOCK_CAPTURE_AUTORELEASING = YES;
				CLANG_WARN_BOOL_CONVERSION = YES;
				CLANG_WARN_COMMA = YES;
				CLANG_WARN_CONSTANT_CONVERSION = YES;
				CLANG_WARN_DIRECT_OBJC_ISA_USAGE = YES_ERROR;
				CLANG_WARN_DOCUMENTATION_COMMENTS = YES;
				CLANG_WARN_EMPTY_BODY = YES;
				CLANG_WARN_ENUM_CONVERSION = YES;
				CLANG_WARN_INFINITE_RECURSION = YES;
				CLANG_WARN_INT_CONVERSION = YES;
				CLANG_WARN_NON_LITERAL_NULL_CONVERSION = YES;
				CLANG_WARN_OBJC_LITERAL_CONVERSION = YES;
				CLANG_WARN_OBJC_ROOT_CLASS = YES_ERROR;
				CLANG_WARN_RANGE_LOOP_ANALYSIS = YES;
				CLANG_WARN_STRICT_PROTOTYPES = YES;
				CLANG_WARN_SUSPICIOUS_MOVE = YES;
				CLANG_WARN_UNGUARDED_AVAILABILITY = YES_AGGRESSIVE;
				CLANG_WARN_UNREACHABLE_CODE = YES;
				CLANG_WARN__DUPLICATE_METHOD_MATCH = YES;
				CODE_SIGN_IDENTITY = "iPhone Developer";
				COPY_PHASE_STRIP = NO;
				DEBUG_INFORMATION_FORMAT = "dwarf-with-dsym";
				ENABLE_NS_ASSERTIONS = NO;
				ENABLE_STRICT_OBJC_MSGSEND = YES;
				GCC_C_LANGUAGE_STANDARD = gnu11;
				GCC_NO_COMMON_BLOCKS = YES;
				GCC_WARN_64_TO_32_BIT_CONVERSION = YES;
				GCC_WARN_ABOUT_RETURN_TYPE = YES_ERROR;
				GCC_WARN_UNDECLARED_SELECTOR = YES;
				GCC_WARN_UNINITIALIZED_AUTOS = YES_AGGRESSIVE;
				GCC_WARN_UNUSED_FUNCTION = YES;
				GCC_WARN_UNUSED_VARIABLE = YES;
				IPHONEOS_DEPLOYMENT_TARGET = 11.1;
				MTL_ENABLE_DEBUG_INFO = NO;
				SDKROOT = iphoneos;
				SWIFT_OPTIMIZATION_LEVEL = "-Owholemodule";
				VALIDATE_PRODUCT = YES;
			};
			name = Release;
		};
		ACADB4F91FD287570092E7DD /* Debug */ = {
			isa = XCBuildConfiguration;
			buildSettings = {
				ASSETCATALOG_COMPILER_APPICON_NAME = AppIcon;
				CODE_SIGN_STYLE = Automatic;
				INFOPLIST_FILE = "Rumaysho App/Info.plist";
				LD_RUNPATH_SEARCH_PATHS = "$(inherited) @executable_path/Frameworks";
				PRODUCT_BUNDLE_IDENTIFIER = "ABI-SA.Rumaysho-App";
				PRODUCT_NAME = "$(TARGET_NAME)";
				SWIFT_VERSION = 4.0;
				TARGETED_DEVICE_FAMILY = "1,2";
			};
			name = Debug;
		};
		ACADB4FA1FD287570092E7DD /* Release */ = {
			isa = XCBuildConfiguration;
			buildSettings = {
				ASSETCATALOG_COMPILER_APPICON_NAME = AppIcon;
				CODE_SIGN_STYLE = Automatic;
				INFOPLIST_FILE = "Rumaysho App/Info.plist";
				LD_RUNPATH_SEARCH_PATHS = "$(inherited) @executable_path/Frameworks";
				PRODUCT_BUNDLE_IDENTIFIER = "ABI-SA.Rumaysho-App";
				PRODUCT_NAME = "$(TARGET_NAME)";
				SWIFT_VERSION = 4.0;
				TARGETED_DEVICE_FAMILY = "1,2";
			};
			name = Release;
		};
		ACADB4FC1FD287570092E7DD /* Debug */ = {
			isa = XCBuildConfiguration;
			buildSettings = {
				ALWAYS_EMBED_SWIFT_STANDARD_LIBRARIES = YES;
				BUNDLE_LOADER = "$(TEST_HOST)";
				CODE_SIGN_STYLE = Automatic;
				INFOPLIST_FILE = "Rumaysho AppTests/Info.plist";
				LD_RUNPATH_SEARCH_PATHS = "$(inherited) @executable_path/Frameworks @loader_path/Frameworks";
				PRODUCT_BUNDLE_IDENTIFIER = "ABI-SA.Rumaysho-AppTests";
				PRODUCT_NAME = "$(TARGET_NAME)";
				SWIFT_VERSION = 4.0;
				TARGETED_DEVICE_FAMILY = "1,2";
				TEST_HOST = "$(BUILT_PRODUCTS_DIR)/Rumaysho App.app/Rumaysho App";
			};
			name = Debug;
		};
		ACADB4FD1FD287570092E7DD /* Release */ = {
			isa = XCBuildConfiguration;
			buildSettings = {
				ALWAYS_EMBED_SWIFT_STANDARD_LIBRARIES = YES;
				BUNDLE_LOADER = "$(TEST_HOST)";
				CODE_SIGN_STYLE = Automatic;
				INFOPLIST_FILE = "Rumaysho AppTests/Info.plist";
				LD_RUNPATH_SEARCH_PATHS = "$(inherited) @executable_path/Frameworks @loader_path/Frameworks";
				PRODUCT_BUNDLE_IDENTIFIER = "ABI-SA.Rumaysho-AppTests";
				PRODUCT_NAME = "$(TARGET_NAME)";
				SWIFT_VERSION = 4.0;
				TARGETED_DEVICE_FAMILY = "1,2";
				TEST_HOST = "$(BUILT_PRODUCTS_DIR)/Rumaysho App.app/Rumaysho App";
			};
			name = Release;
		};
		ACADB4FF1FD287570092E7DD /* Debug */ = {
			isa = XCBuildConfiguration;
			buildSettings = {
				ALWAYS_EMBED_SWIFT_STANDARD_LIBRARIES = YES;
				CODE_SIGN_STYLE = Automatic;
				INFOPLIST_FILE = "Rumaysho AppUITests/Info.plist";
				LD_RUNPATH_SEARCH_PATHS = "$(inherited) @executable_path/Frameworks @loader_path/Frameworks";
				PRODUCT_BUNDLE_IDENTIFIER = "ABI-SA.Rumaysho-AppUITests";
				PRODUCT_NAME = "$(TARGET_NAME)";
				SWIFT_VERSION = 4.0;
				TARGETED_DEVICE_FAMILY = "1,2";
				TEST_TARGET_NAME = "Rumaysho App";
			};
			name = Debug;
		};
		ACADB5001FD287570092E7DD /* Release */ = {
			isa = XCBuildConfiguration;
			buildSettings = {
				ALWAYS_EMBED_SWIFT_STANDARD_LIBRARIES = YES;
				CODE_SIGN_STYLE = Automatic;
				INFOPLIST_FILE = "Rumaysho AppUITests/Info.plist";
				LD_RUNPATH_SEARCH_PATHS = "$(inherited) @executable_path/Frameworks @loader_path/Frameworks";
				PRODUCT_BUNDLE_IDENTIFIER = "ABI-SA.Rumaysho-AppUITests";
				PRODUCT_NAME = "$(TARGET_NAME)";
				SWIFT_VERSION = 4.0;
				TARGETED_DEVICE_FAMILY = "1,2";
				TEST_TARGET_NAME = "Rumaysho App";
			};
			name = Release;
		};
/* End XCBuildConfiguration section */

/* Begin XCConfigurationList section */
		ACADB4CB1FD287570092E7DD /* Build configuration list for PBXProject "Rumaysho App" */ = {
			isa = XCConfigurationList;
			buildConfigurations = (
				ACADB4F61FD287570092E7DD /* Debug */,
				ACADB4F71FD287570092E7DD /* Release */,
			);
			defaultConfigurationIsVisible = 0;
			defaultConfigurationName = Release;
		};
		ACADB4F81FD287570092E7DD /* Build configuration list for PBXNativeTarget "Rumaysho App" */ = {
			isa = XCConfigurationList;
			buildConfigurations = (
				ACADB4F91FD287570092E7DD /* Debug */,
				ACADB4FA1FD287570092E7DD /* Release */,
			);
			defaultConfigurationIsVisible = 0;
			defaultConfigurationName = Release;
		};
		ACADB4FB1FD287570092E7DD /* Build configuration list for PBXNativeTarget "Rumaysho AppTests" */ = {
			isa = XCConfigurationList;
			buildConfigurations = (
				ACADB4FC1FD287570092E7DD /* Debug */,
				ACADB4FD1FD287570092E7DD /* Release */,
			);
			defaultConfigurationIsVisible = 0;
			defaultConfigurationName = Release;
		};
		ACADB4FE1FD287570092E7DD /* Build configuration list for PBXNativeTarget "Rumaysho AppUITests" */ = {
			isa = XCConfigurationList;
			buildConfigurations = (
				ACADB4FF1FD287570092E7DD /* Debug */,
				ACADB5001FD287570092E7DD /* Release */,
			);
			defaultConfigurationIsVisible = 0;
			defaultConfigurationName = Release;
		};
/* End XCConfigurationList section */
	};
	rootObject = ACADB4C81FD287570092E7DD /* Project object */;
}
